
Microsoft Visual Studio Solution File, Format Version 12.00
# Visual Studio Version 17
VisualStudioVersion = 17.14.36221.1 d17.14
MinimumVisualStudioVersion = 10.0.40219.1
Project("{FAE04EC0-301F-11D3-BF4B-00C04F79EFBC}") = "TaxiBooking", "TaxiBooking\TaxiBooking.csproj", "{6A6EF977-E763-49F3-A5B2-205BBC7935F3}"
EndProject
Global
	GlobalSection(SolutionConfigurationPlatforms) = preSolution
		Debug|Any CPU = Debug|Any CPU
		Release|Any CPU = Release|Any CPU
	EndGlobalSection
	GlobalSection(ProjectConfigurationPlatforms) = postSolution
		{6A6EF977-E763-49F3-A5B2-205BBC7935F3}.Debug|Any CPU.ActiveCfg = Debug|Any CPU
		{6A6EF977-E763-49F3-A5B2-205BBC7935F3}.Debug|Any CPU.Build.0 = Debug|Any CPU
		{6A6EF977-E763-49F3-A5B2-205BBC7935F3}.Release|Any CPU.ActiveCfg = Release|Any CPU
		{6A6EF977-E763-49F3-A5B2-205BBC7935F3}.Release|Any CPU.Build.0 = Release|Any CPU
	EndGlobalSection
	GlobalSection(SolutionProperties) = preSolution
		HideSolutionNode = FALSE
	EndGlobalSection
	GlobalSection(ExtensibilityGlobals) = postSolution
		SolutionGuid = {85DADCEE-EAB3-498D-9B68-68CC3FECFB09}
	EndGlobalSection
EndGlobal
